
Microsoft Visual Studio Solution File, Format Version 12.00
# Visual Studio Version 17
VisualStudioVersion = 17.14.36414.22 d17.14
MinimumVisualStudioVersion = 10.0.40219.1
Project("{FAE04EC0-301F-11D3-BF4B-00C04F79EFBC}") = "Valedictorian", "Valedictorian\Valedictorian.csproj", "{F7C35BD3-D13A-4A41-A539-8BE765C3C700}"
EndProject
Global
	GlobalSection(SolutionConfigurationPlatforms) = preSolution
		Debug|Any CPU = Debug|Any CPU
		Release|Any CPU = Release|Any CPU
	EndGlobalSection
	GlobalSection(ProjectConfigurationPlatforms) = postSolution
		{F7C35BD3-D13A-4A41-A539-8BE765C3C700}.Debug|Any CPU.ActiveCfg = Debug|Any CPU
		{F7C35BD3-D13A-4A41-A539-8BE765C3C700}.Debug|Any CPU.Build.0 = Debug|Any CPU
		{F7C35BD3-D13A-4A41-A539-8BE765C3C700}.Release|Any CPU.ActiveCfg = Release|Any CPU
		{F7C35BD3-D13A-4A41-A539-8BE765C3C700}.Release|Any CPU.Build.0 = Release|Any CPU
	EndGlobalSection
	GlobalSection(SolutionProperties) = preSolution
		HideSolutionNode = FALSE
	EndGlobalSection
	GlobalSection(ExtensibilityGlobals) = postSolution
		SolutionGuid = {5CCAE0ED-4180-4E52-A071-93CC0DA713C2}
	EndGlobalSection
EndGlobal
